
Microsoft Visual Studio Solution File, Format Version 12.00
# Visual Studio Version 16
VisualStudioVersion = 16.0.35731.53
MinimumVisualStudioVersion = 10.0.40219.1
Project("{FAE04EC0-301F-11D3-BF4B-00C04F79EFBC}") = "EvenOddServer", "EvenOddServer\EvenOddServer.csproj", "{661C9ED0-4AC7-4825-AA14-0D96B278B046}"
EndProject
Project("{FAE04EC0-301F-11D3-BF4B-00C04F79EFBC}") = "ConsoleApp1", "ConsoleApp1\ConsoleApp1.csproj", "{6A95AF2A-397F-45D9-A990-BD0B57FF3528}"
EndProject
Global
	GlobalSection(SolutionConfigurationPlatforms) = preSolution
		Debug|Any CPU = Debug|Any CPU
		Release|Any CPU = Release|Any CPU
	EndGlobalSection
	GlobalSection(ProjectConfigurationPlatforms) = postSolution
		{661C9ED0-4AC7-4825-AA14-0D96B278B046}.Debug|Any CPU.ActiveCfg = Debug|Any CPU
		{661C9ED0-4AC7-4825-AA14-0D96B278B046}.Debug|Any CPU.Build.0 = Debug|Any CPU
		{661C9ED0-4AC7-4825-AA14-0D96B278B046}.Release|Any CPU.ActiveCfg = Release|Any CPU
		{661C9ED0-4AC7-4825-AA14-0D96B278B046}.Release|Any CPU.Build.0 = Release|Any CPU
		{6A95AF2A-397F-45D9-A990-BD0B57FF3528}.Debug|Any CPU.ActiveCfg = Debug|Any CPU
		{6A95AF2A-397F-45D9-A990-BD0B57FF3528}.Debug|Any CPU.Build.0 = Debug|Any CPU
		{6A95AF2A-397F-45D9-A990-BD0B57FF3528}.Release|Any CPU.ActiveCfg = Release|Any CPU
		{6A95AF2A-397F-45D9-A990-BD0B57FF3528}.Release|Any CPU.Build.0 = Release|Any CPU
	EndGlobalSection
	GlobalSection(SolutionProperties) = preSolution
		HideSolutionNode = FALSE
	EndGlobalSection
	GlobalSection(ExtensibilityGlobals) = postSolution
		SolutionGuid = {7F09B3A9-9105-4179-98C1-0F95DC0A77AF}
	EndGlobalSection
EndGlobal
